<?xml version="1.0" encoding="utf-8"?>
<Project ToolsVersion="4.0" xmlns="http://schemas.microsoft.com/developer/msbuild/2003">
  <ItemGroup>
    <Filter Include="Windows">
      <UniqueIdentifier>{eb42aea0-adbb-4990-8e63-1b4ac54c3d92}</UniqueIdentifier>
    </Filter>
    <Filter Include="Windows\Header">
      <UniqueIdentifier>{4ca4eeeb-add6-469c-8625-36a2c460d90b}</UniqueIdentifier>
    </Filter>
    <Filter Include="Windows\Resource">
      <UniqueIdentifier>{1592b4e4-cc1d-42d0-9420-ff754579d1ca}</UniqueIdentifier>
    </Filter>
    <Filter Include="Engine">
      <UniqueIdentifier>{66b14f13-997e-4cd9-a2d2-a7fc359f41ea}</UniqueIdentifier>
    </Filter>
    <Filter Include="Engine\Common">
      <UniqueIdentifier>{c89ac545-816b-4970-ae26-25e3890220f5}</UniqueIdentifier>
    </Filter>
    <Filter Include="Engine\High Level interface">
      <UniqueIdentifier>{fa501b30-b329-4644-a6fe-a34d1cd0199c}</UniqueIdentifier>
    </Filter>
    <Filter Include="Engine\Input">
      <UniqueIdentifier>{98750d9b-5f1b-440c-8eb8-8e7e14a6505b}</UniqueIdentifier>
    </Filter>
    <Filter Include="Engine\Time">
      <UniqueIdentifier>{ee6970c8-ebfe-4f6e-ad3c-8713d43db6ba}</UniqueIdentifier>
    </Filter>
    <Filter Include="Engine\Auto Ellipse">
      <UniqueIdentifier>{3d90480f-d243-45b4-9cb5-d83aaf9e8d16}</UniqueIdentifier>
    </Filter>
    <Filter Include="Engine\Entity">
      <UniqueIdentifier>{1f8bd229-5b1c-4d99-928e-14cef7047fc1}</UniqueIdentifier>
    </Filter>
    <Filter Include="Engine\Scene">
      <UniqueIdentifier>{d38e21f6-1563-41c3-9a2b-4640739ab49b}</UniqueIdentifier>
    </Filter>
    <Filter Include="Engine\Layer">
      <UniqueIdentifier>{e2a530dc-32dd-4226-9852-9e44713aa087}</UniqueIdentifier>
    </Filter>
    <Filter Include="Engine\GameObject">
      <UniqueIdentifier>{85ee1b04-8718-4940-8313-1a1d7b08abf2}</UniqueIdentifier>
    </Filter>
    <Filter Include="Engine\Component">
      <UniqueIdentifier>{0c2357c8-5d56-4e0a-a04e-3c0f839fe347}</UniqueIdentifier>
    </Filter>
    <Filter Include="Engine\Component\Transform">
      <UniqueIdentifier>{20148a04-ca3c-48f5-ae4f-ee602cf0b7c4}</UniqueIdentifier>
    </Filter>
    <Filter Include="Engine\Component\SpriteRenderer">
      <UniqueIdentifier>{aa135c25-db04-4941-bce6-fc331446a0c8}</UniqueIdentifier>
    </Filter>
    <Filter Include="Content">
      <UniqueIdentifier>{0a0fd048-a032-41c8-8fb5-644455f96527}</UniqueIdentifier>
    </Filter>
    <Filter Include="Content\Scene">
      <UniqueIdentifier>{57198486-0b9e-46c8-ba04-6d5fdd791536}</UniqueIdentifier>
    </Filter>
    <Filter Include="Content\Scene\TitleScene">
      <UniqueIdentifier>{698f39db-82e1-4c46-af80-7a854a88003e}</UniqueIdentifier>
    </Filter>
    <Filter Include="Content\GameObejct">
      <UniqueIdentifier>{3c732ea4-d978-4f48-a55d-c988f166c495}</UniqueIdentifier>
    </Filter>
    <Filter Include="Content\GameObejct\Player">
      <UniqueIdentifier>{331f096b-1491-4247-9c5a-8bd367cb1681}</UniqueIdentifier>
    </Filter>
    <Filter Include="Resource">
      <UniqueIdentifier>{45c5a514-6d09-4d24-b396-7684f04aca5f}</UniqueIdentifier>
    </Filter>
    <Filter Include="Texture">
      <UniqueIdentifier>{3ea1eae6-5f9f-435f-ae06-f208066e2091}</UniqueIdentifier>
    </Filter>
    <Filter Include="Content\GameObejct\BackGround">
      <UniqueIdentifier>{e3378bc3-332a-4f4a-b9a4-ffbd88f67437}</UniqueIdentifier>
    </Filter>
    <Filter Include="Content\Scene\Mission1">
      <UniqueIdentifier>{44282ea5-6802-4710-9c39-7732e37cd57c}</UniqueIdentifier>
    </Filter>
    <Filter Include="Engine\Camera">
      <UniqueIdentifier>{678ae7d1-d145-4557-9b02-cc497a837e31}</UniqueIdentifier>
    </Filter>
    <Filter Include="Content\GameObejct\Dev">
      <UniqueIdentifier>{a5b290d5-7ad3-447c-b763-6d0d8666f43e}</UniqueIdentifier>
    </Filter>
    <Filter Include="Content\GameObejct\FrontBackGround">
      <UniqueIdentifier>{5075f4f7-ae76-4396-aa9c-77ee1b1dbce1}</UniqueIdentifier>
    </Filter>
    <Filter Include="Content\GameObejct\Monster">
      <UniqueIdentifier>{1b0f398f-fd10-4691-a0ee-8371fb56bb89}</UniqueIdentifier>
    </Filter>
    <Filter Include="Content\GameObejct\Monster\MiddleBoss">
      <UniqueIdentifier>{ea5b8c97-bbd5-4a89-9e7d-60f3faf63a34}</UniqueIdentifier>
    </Filter>
    <Filter Include="Content\GameObejct\Npc">
      <UniqueIdentifier>{7a7cf869-6fad-4c76-b66a-27157a0b7223}</UniqueIdentifier>
    </Filter>
    <Filter Include="Content\GameObejct\CameraPlayer">
      <UniqueIdentifier>{de542601-548c-43ee-a87e-5e16f0c9f605}</UniqueIdentifier>
    </Filter>
    <Filter Include="Resource\Animation">
      <UniqueIdentifier>{e77a8bd1-a157-412d-8033-287716116263}</UniqueIdentifier>
    </Filter>
    <Filter Include="Engine\Component\Animator">
      <UniqueIdentifier>{00e2aefc-c196-4124-8939-129c8aeb9d7a}</UniqueIdentifier>
    </Filter>
    <Filter Include="Content\GameObejct\Player\PlayerTop">
      <UniqueIdentifier>{aaa10e75-f191-4798-9960-c2ed95e0a02d}</UniqueIdentifier>
    </Filter>
    <Filter Include="Content\GameObejct\Player\PlayerBottom">
      <UniqueIdentifier>{6fb92dfe-60ab-4a8b-aa86-f6ecaf8a4397}</UniqueIdentifier>
    </Filter>
    <Filter Include="Content\GameObejct\BackGround\BGbossCanopi">
      <UniqueIdentifier>{d68491ed-e39b-490b-9203-979f84f3435a}</UniqueIdentifier>
    </Filter>
    <Filter Include="Engine\Collision">
      <UniqueIdentifier>{3e829216-91df-49f7-a0a4-1a5ab5ca8f58}</UniqueIdentifier>
    </Filter>
    <Filter Include="Engine\Component\Collider">
      <UniqueIdentifier>{d169dc38-8b23-4d1b-918f-436638c7c21d}</UniqueIdentifier>
    </Filter>
    <Filter Include="Engine\Component\Rigidbody">
      <UniqueIdentifier>{83c1f2cf-1b23-4585-acad-4cc509d1527e}</UniqueIdentifier>
    </Filter>
    <Filter Include="Content\GameObejct\Floor">
      <UniqueIdentifier>{3cbcb364-7e75-464b-9275-9b325fda0be3}</UniqueIdentifier>
    </Filter>
    <Filter Include="Content\GameObejct\Effects">
      <UniqueIdentifier>{fc00bafd-5f1a-473f-b17f-2af82466e5f3}</UniqueIdentifier>
    </Filter>
    <Filter Include="Content\GameObejct\Effects\NormalBullet">
      <UniqueIdentifier>{ec89817c-8bff-406f-bd2e-276d3b73ed8e}</UniqueIdentifier>
    </Filter>
    <Filter Include="Content\GameObejct\Effects\EfBomb">
      <UniqueIdentifier>{8b0573f3-6ce2-471a-9457-7700fd74b289}</UniqueIdentifier>
    </Filter>
    <Filter Include="Content\GameObejct\Monster\Arabian">
      <UniqueIdentifier>{3dc4b413-4bca-48e6-815d-b6f3de68116a}</UniqueIdentifier>
    </Filter>
    <Filter Include="Engine\Sound">
      <UniqueIdentifier>{d0131f68-44d9-458e-ad69-9dc81f170c1c}</UniqueIdentifier>
    </Filter>
    <Filter Include="Content\GameObejct\Effects\HeavyBullet">
      <UniqueIdentifier>{d40ba662-8e79-40d8-aeda-3e54e2144e2b}</UniqueIdentifier>
    </Filter>
    <Filter Include="Content\GameObejct\Effects\ArabianKnife">
      <UniqueIdentifier>{22b1a640-ec8e-4559-929d-0c2ff2a3f3dc}</UniqueIdentifier>
    </Filter>
    <Filter Include="Content\GameObejct\BackGround\BGBackGround">
      <UniqueIdentifier>{84a50def-9626-4f21-bb0d-505a08db02ab}</UniqueIdentifier>
    </Filter>
    <Filter Include="Content\GameObejct\Npc\HOldMan">
      <UniqueIdentifier>{6d9966b2-7f38-47a0-98de-a1d2e56126fe}</UniqueIdentifier>
    </Filter>
    <Filter Include="Content\GameObejct\Effects\HeavyMachineGun">
      <UniqueIdentifier>{f81eef86-5068-45d6-87c4-0285930522be}</UniqueIdentifier>
    </Filter>
    <Filter Include="Content\GameObejct\Effects\Supply">
      <UniqueIdentifier>{ced60b24-21f6-4404-b45c-b62a565aa6dc}</UniqueIdentifier>
    </Filter>
    <Filter Include="Content\GameObejct\Monster\MiddleBoss\MiddleBossColumn">
      <UniqueIdentifier>{84721ea2-1c48-4f67-85a4-0f5159449536}</UniqueIdentifier>
    </Filter>
    <Filter Include="Content\GameObejct\Monster\MiddleBoss\MiddleBossLauncher">
      <UniqueIdentifier>{5cf05544-ce68-40a1-883e-344b04e7f0b7}</UniqueIdentifier>
    </Filter>
    <Filter Include="Content\GameObejct\Effects\MiddleBossRocket">
      <UniqueIdentifier>{072803a4-72f0-4a80-be81-02fa560106ad}</UniqueIdentifier>
    </Filter>
    <Filter Include="Content\GameObejct\Effects\MiddleBossSmoke">
      <UniqueIdentifier>{5d07982a-8554-45e6-874a-e629a7ff22cb}</UniqueIdentifier>
    </Filter>
    <Filter Include="Content\GameObejct\UI">
      <UniqueIdentifier>{7cdfa103-518d-4d11-8bac-84577db0d0f7}</UniqueIdentifier>
    </Filter>
    <Filter Include="Content\GameObejct\Monster\Berserker">
      <UniqueIdentifier>{0b9681b5-777e-4ba1-b955-9312f8c60ba5}</UniqueIdentifier>
    </Filter>
    <Filter Include="Content\GameObejct\Effects\BerserkerKnife">
      <UniqueIdentifier>{6b2f9211-d1cc-4b79-a1bd-6d1f9025258f}</UniqueIdentifier>
    </Filter>
    <Filter Include="Content\GameObejct\Monster\Truck">
      <UniqueIdentifier>{8f360be7-aa1c-4989-8635-ceb35cd59e83}</UniqueIdentifier>
    </Filter>
    <Filter Include="Content\GameObejct\ControlTower">
      <UniqueIdentifier>{832527d5-8d74-49ec-b44e-8f242b2693ee}</UniqueIdentifier>
    </Filter>
    <Filter Include="Content\GameObejct\Vehicle">
      <UniqueIdentifier>{3b574027-162b-40c3-a8bb-ea8d2ff1bc4a}</UniqueIdentifier>
    </Filter>
    <Filter Include="Content\GameObejct\Vehicle\Camel">
      <UniqueIdentifier>{8eb535fa-2b37-4b21-89ac-474a24248b88}</UniqueIdentifier>
    </Filter>
    <Filter Include="Content\GameObejct\Effects\CamelGun">
      <UniqueIdentifier>{5ae57562-7605-49cf-a307-859ad746752b}</UniqueIdentifier>
    </Filter>
    <Filter Include="Content\GameObejct\Effects\CamelBullet">
      <UniqueIdentifier>{a3bafc35-d630-4213-aa93-796adbb31860}</UniqueIdentifier>
    </Filter>
    <Filter Include="Content\GameObejct\Monster\Boss">
      <UniqueIdentifier>{5c5c1676-5fea-4bed-b046-6c0b7be06678}</UniqueIdentifier>
    </Filter>
    <Filter Include="Content\GameObejct\Effects\BossWing">
      <UniqueIdentifier>{4e45eb14-c6c8-4325-9899-df8e19bd6479}</UniqueIdentifier>
    </Filter>
    <Filter Include="Content\GameObejct\Floor\BossFloor">
      <UniqueIdentifier>{0426574c-acaa-4b6c-a90f-7799808ebcb9}</UniqueIdentifier>
    </Filter>
  </ItemGroup>
  <ItemGroup>
    <ClInclude Include="framework.h">
      <Filter>Windows\Header</Filter>
    </ClInclude>
    <ClInclude Include="METAL SLUG.h">
      <Filter>Windows\Header</Filter>
    </ClInclude>
    <ClInclude Include="Resource.h">
      <Filter>Windows\Header</Filter>
    </ClInclude>
    <ClInclude Include="targetver.h">
      <Filter>Windows\Header</Filter>
    </ClInclude>
    <ClInclude Include="Commoninclude.h">
      <Filter>Engine\Common</Filter>
    </ClInclude>
    <ClInclude Include="sbApplication.h">
      <Filter>Engine\High Level interface</Filter>
    </ClInclude>
    <ClInclude Include="sbMath.h">
      <Filter>Engine\Common</Filter>
    </ClInclude>
    <ClInclude Include="sbInput.h">
      <Filter>Engine\Input</Filter>
    </ClInclude>
    <ClInclude Include="sbTime.h">
      <Filter>Engine\Time</Filter>
    </ClInclude>
    <ClInclude Include="sbAuto.h">
      <Filter>Engine\Auto Ellipse</Filter>
    </ClInclude>
    <ClInclude Include="sbEntity.h">
      <Filter>Engine\Entity</Filter>
    </ClInclude>
    <ClInclude Include="sbScene.h">
      <Filter>Engine\Scene</Filter>
    </ClInclude>
    <ClInclude Include="sbLayer.h">
      <Filter>Engine\Layer</Filter>
    </ClInclude>
    <ClInclude Include="sbGameObject.h">
      <Filter>Engine\GameObject</Filter>
    </ClInclude>
    <ClInclude Include="sbComponent.h">
      <Filter>Engine\Component</Filter>
    </ClInclude>
    <ClInclude Include="sbTransform.h">
      <Filter>Engine\Component\Transform</Filter>
    </ClInclude>
    <ClInclude Include="sbSpriteRenderer.h">
      <Filter>Engine\Component\SpriteRenderer</Filter>
    </ClInclude>
    <ClInclude Include="sbSceneManager.h">
      <Filter>Engine\Scene</Filter>
    </ClInclude>
    <ClInclude Include="sbObject.h">
      <Filter>Engine\GameObject</Filter>
    </ClInclude>
    <ClInclude Include="sbTitleScene.h">
      <Filter>Content\Scene\TitleScene</Filter>
    </ClInclude>
    <ClInclude Include="sbPlayer.h">
      <Filter>Content\GameObejct\Player</Filter>
    </ClInclude>
    <ClInclude Include="sbMission1.h">
      <Filter>Content\Scene\Mission1</Filter>
    </ClInclude>
    <ClInclude Include="sbResource.h">
      <Filter>Resource</Filter>
    </ClInclude>
    <ClInclude Include="sbResources.h">
      <Filter>Resource</Filter>
    </ClInclude>
    <ClInclude Include="sbTexture.h">
      <Filter>Texture</Filter>
    </ClInclude>
    <ClInclude Include="sbBackGround.h">
      <Filter>Content\GameObejct\BackGround</Filter>
    </ClInclude>
    <ClInclude Include="sbCamera.h">
      <Filter>Engine\Camera</Filter>
    </ClInclude>
    <ClInclude Include="sbDev.h">
      <Filter>Content\GameObejct\Dev</Filter>
    </ClInclude>
    <ClInclude Include="sbFrontBackGround.h">
      <Filter>Content\GameObejct\FrontBackGround</Filter>
    </ClInclude>
    <ClInclude Include="sbMonster.h">
      <Filter>Content\GameObejct\Monster</Filter>
    </ClInclude>
    <ClInclude Include="sbMiddleBoss.h">
      <Filter>Content\GameObejct\Monster\MiddleBoss</Filter>
    </ClInclude>
    <ClInclude Include="sbNpc.h">
      <Filter>Content\GameObejct\Npc</Filter>
    </ClInclude>
    <ClInclude Include="sbHOldMan.h">
      <Filter>Content\GameObejct\Npc\HOldMan</Filter>
    </ClInclude>
    <ClInclude Include="sbCameraPlayer.h">
      <Filter>Content\GameObejct\CameraPlayer</Filter>
    </ClInclude>
    <ClInclude Include="sbAnimation.h">
      <Filter>Resource\Animation</Filter>
    </ClInclude>
    <ClInclude Include="sbAnimator.h">
      <Filter>Engine\Component\Animator</Filter>
    </ClInclude>
    <ClInclude Include="sbPlayerTop.h">
      <Filter>Content\GameObejct\Player\PlayerTop</Filter>
    </ClInclude>
    <ClInclude Include="sbPlayerBottom.h">
      <Filter>Content\GameObejct\Player\PlayerBottom</Filter>
    </ClInclude>
    <ClInclude Include="sbBGbossCanopi.h">
      <Filter>Content\GameObejct\BackGround\BGbossCanopi</Filter>
    </ClInclude>
    <ClInclude Include="sbCollisionManager.h">
      <Filter>Engine\Collision</Filter>
    </ClInclude>
    <ClInclude Include="sbCollider.h">
      <Filter>Engine\Component\Collider</Filter>
    </ClInclude>
    <ClInclude Include="sbRigidbody.h">
      <Filter>Engine\Component\Rigidbody</Filter>
    </ClInclude>
    <ClInclude Include="sbFloor.h">
      <Filter>Content\GameObejct\Floor</Filter>
    </ClInclude>
    <ClInclude Include="sbEffects.h">
      <Filter>Content\GameObejct\Effects</Filter>
    </ClInclude>
    <ClInclude Include="sbNormalBullet.h">
      <Filter>Content\GameObejct\Effects\NormalBullet</Filter>
    </ClInclude>
    <ClInclude Include="sbEfBomb.h">
      <Filter>Content\GameObejct\Effects\EfBomb</Filter>
    </ClInclude>
    <ClInclude Include="sbArabian.h">
      <Filter>Content\GameObejct\Monster\Arabian</Filter>
    </ClInclude>
    <ClInclude Include="sbSound.h">
      <Filter>Engine\Sound</Filter>
    </ClInclude>
    <ClInclude Include="sbSoundManager.h">
      <Filter>Engine\Sound</Filter>
    </ClInclude>
    <ClInclude Include="sbHeavyBullet.h">
      <Filter>Content\GameObejct\Effects\HeavyBullet</Filter>
    </ClInclude>
    <ClInclude Include="sbArabianKnife.h">
      <Filter>Content\GameObejct\Effects\ArabianKnife</Filter>
    </ClInclude>
    <ClInclude Include="sbBGBackGround.h">
      <Filter>Content\GameObejct\BackGround\BGBackGround</Filter>
    </ClInclude>
    <ClInclude Include="sbHeavyMachineGun.h">
      <Filter>Content\GameObejct\Effects\HeavyMachineGun</Filter>
    </ClInclude>
    <ClInclude Include="sbSupply.h">
      <Filter>Content\GameObejct\Effects\Supply</Filter>
    </ClInclude>
    <ClInclude Include="sbMiddleBossColumn.h">
      <Filter>Content\GameObejct\Monster\MiddleBoss\MiddleBossColumn</Filter>
    </ClInclude>
    <ClInclude Include="sbMiddleBossLauncher.h">
      <Filter>Content\GameObejct\Monster\MiddleBoss\MiddleBossLauncher</Filter>
    </ClInclude>
    <ClInclude Include="sbMiddleBossRocket.h">
      <Filter>Content\GameObejct\Effects\MiddleBossRocket</Filter>
    </ClInclude>
    <ClInclude Include="sbMiddleBossSmoke.h">
      <Filter>Content\GameObejct\Effects\MiddleBossSmoke</Filter>
    </ClInclude>
    <ClInclude Include="sbUi.h">
      <Filter>Content\GameObejct\UI</Filter>
    </ClInclude>
    <ClInclude Include="sbBerserker.h">
      <Filter>Content\GameObejct\Monster\Berserker</Filter>
    </ClInclude>
    <ClInclude Include="sbBerserkerKnife.h">
      <Filter>Content\GameObejct\Effects\BerserkerKnife</Filter>
    </ClInclude>
    <ClInclude Include="sbTruck.h">
      <Filter>Content\GameObejct\Monster\Truck</Filter>
    </ClInclude>
    <ClInclude Include="sbControlTower.h">
      <Filter>Content\GameObejct\ControlTower</Filter>
    </ClInclude>
    <ClInclude Include="sbCamel.h">
      <Filter>Content\GameObejct\Vehicle\Camel</Filter>
    </ClInclude>
    <ClInclude Include="sbCamelGun.h">
      <Filter>Content\GameObejct\Effects\CamelGun</Filter>
    </ClInclude>
    <ClInclude Include="sbCamelBullet.h">
      <Filter>Content\GameObejct\Effects\CamelBullet</Filter>
    </ClInclude>
    <ClInclude Include="sbBoss.h">
      <Filter>Content\GameObejct\Monster\Boss</Filter>
    </ClInclude>
    <ClInclude Include="sbBossWing.h">
      <Filter>Content\GameObejct\Effects\BossWing</Filter>
    </ClInclude>
    <ClInclude Include="sbBossFloor.h">
      <Filter>Content\GameObejct\Floor\BossFloor</Filter>
    </ClInclude>
  </ItemGroup>
  <ItemGroup>
    <Image Include="METAL SLUG.ico">
      <Filter>Windows\Resource</Filter>
    </Image>
    <Image Include="small.ico">
      <Filter>Windows\Resource</Filter>
    </Image>
  </ItemGroup>
  <ItemGroup>
    <ClCompile Include="main.cpp" />
    <ClCompile Include="sbApplication.cpp">
      <Filter>Engine\High Level interface</Filter>
    </ClCompile>
    <ClCompile Include="sbInput.cpp">
      <Filter>Engine\Input</Filter>
    </ClCompile>
    <ClCompile Include="sbTime.cpp">
      <Filter>Engine\Time</Filter>
    </ClCompile>
    <ClCompile Include="sbAuto.cpp">
      <Filter>Engine\Auto Ellipse</Filter>
    </ClCompile>
    <ClCompile Include="sbEntity.cpp">
      <Filter>Engine\Entity</Filter>
    </ClCompile>
    <ClCompile Include="sbScene.cpp">
      <Filter>Engine\Scene</Filter>
    </ClCompile>
    <ClCompile Include="sbLayer.cpp">
      <Filter>Engine\Layer</Filter>
    </ClCompile>
    <ClCompile Include="sbGameObject.cpp">
      <Filter>Engine\GameObject</Filter>
    </ClCompile>
    <ClCompile Include="sbComponent.cpp">
      <Filter>Engine\Component</Filter>
    </ClCompile>
    <ClCompile Include="sbTransform.cpp">
      <Filter>Engine\Component\Transform</Filter>
    </ClCompile>
    <ClCompile Include="sbSpriteRenderer.cpp">
      <Filter>Engine\Component\SpriteRenderer</Filter>
    </ClCompile>
    <ClCompile Include="sbSceneManager.cpp">
      <Filter>Engine\Scene</Filter>
    </ClCompile>
    <ClCompile Include="sbTitleScene.cpp">
      <Filter>Content\Scene\TitleScene</Filter>
    </ClCompile>
    <ClCompile Include="sbPlayer.cpp">
      <Filter>Content\GameObejct\Player</Filter>
    </ClCompile>
    <ClCompile Include="sbMission1.cpp">
      <Filter>Content\Scene\Mission1</Filter>
    </ClCompile>
    <ClCompile Include="sbResource.cpp">
      <Filter>Resource</Filter>
    </ClCompile>
    <ClCompile Include="sbResources.cpp">
      <Filter>Resource</Filter>
    </ClCompile>
    <ClCompile Include="sbTexture.cpp">
      <Filter>Texture</Filter>
    </ClCompile>
    <ClCompile Include="sbMath.cpp">
      <Filter>Engine\Common</Filter>
    </ClCompile>
    <ClCompile Include="sbBackGround.cpp">
      <Filter>Content\GameObejct\BackGround</Filter>
    </ClCompile>
    <ClCompile Include="sbCamera.cpp">
      <Filter>Engine\Camera</Filter>
    </ClCompile>
    <ClCompile Include="sbDev.cpp">
      <Filter>Content\GameObejct\Dev</Filter>
    </ClCompile>
    <ClCompile Include="sbFrontBackGround.cpp">
      <Filter>Content\GameObejct\FrontBackGround</Filter>
    </ClCompile>
    <ClCompile Include="sbMonster.cpp">
      <Filter>Content\GameObejct\Monster</Filter>
    </ClCompile>
    <ClCompile Include="sbMiddleBoss.cpp">
      <Filter>Content\GameObejct\Monster\MiddleBoss</Filter>
    </ClCompile>
    <ClCompile Include="sbNpc.cpp">
      <Filter>Content\GameObejct\Npc</Filter>
    </ClCompile>
    <ClCompile Include="sbHOldMan.cpp">
      <Filter>Content\GameObejct\Npc\HOldMan</Filter>
    </ClCompile>
    <ClCompile Include="sbCameraPlayer.cpp">
      <Filter>Content\GameObejct\CameraPlayer</Filter>
    </ClCompile>
    <ClCompile Include="sbAnimation.cpp">
      <Filter>Resource\Animation</Filter>
    </ClCompile>
    <ClCompile Include="sbAnimator.cpp">
      <Filter>Engine\Component\Animator</Filter>
    </ClCompile>
    <ClCompile Include="sbPlayerTop.cpp">
      <Filter>Content\GameObejct\Player\PlayerTop</Filter>
    </ClCompile>
    <ClCompile Include="sbPlayerBottom.cpp">
      <Filter>Content\GameObejct\Player\PlayerBottom</Filter>
    </ClCompile>
    <ClCompile Include="sbBGbossCanopi.cpp">
      <Filter>Content\GameObejct\BackGround\BGbossCanopi</Filter>
    </ClCompile>
    <ClCompile Include="sbCollisionManager.cpp">
      <Filter>Engine\Collision</Filter>
    </ClCompile>
    <ClCompile Include="sbCollider.cpp">
      <Filter>Engine\Component\Collider</Filter>
    </ClCompile>
    <ClCompile Include="sbRigidbody.cpp">
      <Filter>Engine\Component\Rigidbody</Filter>
    </ClCompile>
    <ClCompile Include="sbFloor.cpp">
      <Filter>Content\GameObejct\Floor</Filter>
    </ClCompile>
    <ClCompile Include="sbEffects.cpp">
      <Filter>Content\GameObejct\Effects</Filter>
    </ClCompile>
    <ClCompile Include="sbNormalBullet.cpp">
      <Filter>Content\GameObejct\Effects\NormalBullet</Filter>
    </ClCompile>
    <ClCompile Include="sbEfBomb.cpp">
      <Filter>Content\GameObejct\Effects\EfBomb</Filter>
    </ClCompile>
    <ClCompile Include="sbArabian.cpp">
      <Filter>Content\GameObejct\Monster\Arabian</Filter>
    </ClCompile>
    <ClCompile Include="sbSound.cpp">
      <Filter>Engine\Sound</Filter>
    </ClCompile>
    <ClCompile Include="sbSoundManager.cpp">
      <Filter>Engine\Sound</Filter>
    </ClCompile>
    <ClCompile Include="sbHeavyBullet.cpp">
      <Filter>Content\GameObejct\Effects\HeavyBullet</Filter>
    </ClCompile>
    <ClCompile Include="sbArabianKnife.cpp">
      <Filter>Content\GameObejct\Effects\ArabianKnife</Filter>
    </ClCompile>
    <ClCompile Include="sbBGBackGround.cpp">
      <Filter>Content\GameObejct\BackGround\BGBackGround</Filter>
    </ClCompile>
    <ClCompile Include="sbHeavyMachineGun.cpp">
      <Filter>Content\GameObejct\Effects\HeavyMachineGun</Filter>
    </ClCompile>
    <ClCompile Include="sbSupply.cpp">
      <Filter>Content\GameObejct\Effects\Supply</Filter>
    </ClCompile>
    <ClCompile Include="sbMiddleBossColumn.cpp">
      <Filter>Content\GameObejct\Monster\MiddleBoss\MiddleBossColumn</Filter>
    </ClCompile>
    <ClCompile Include="sbMiddleBossLauncher.cpp">
      <Filter>Content\GameObejct\Monster\MiddleBoss\MiddleBossLauncher</Filter>
    </ClCompile>
    <ClCompile Include="sbMiddleBossRocket.cpp">
      <Filter>Content\GameObejct\Effects\MiddleBossRocket</Filter>
    </ClCompile>
    <ClCompile Include="sbMiddleBossSmoke.cpp">
      <Filter>Content\GameObejct\Effects\MiddleBossSmoke</Filter>
    </ClCompile>
    <ClCompile Include="sbUi.cpp">
      <Filter>Content\GameObejct\UI</Filter>
    </ClCompile>
    <ClCompile Include="sbBerserker.cpp">
      <Filter>Content\GameObejct\Monster\Berserker</Filter>
    </ClCompile>
    <ClCompile Include="sbBerserkerKnife.cpp">
      <Filter>Content\GameObejct\Effects\BerserkerKnife</Filter>
    </ClCompile>
    <ClCompile Include="sbTruck.cpp">
      <Filter>Content\GameObejct\Monster\Truck</Filter>
    </ClCompile>
    <ClCompile Include="sbControlTower.cpp">
      <Filter>Content\GameObejct\ControlTower</Filter>
    </ClCompile>
    <ClCompile Include="sbCamel.cpp">
      <Filter>Content\GameObejct\Vehicle\Camel</Filter>
    </ClCompile>
    <ClCompile Include="sbCamelGun.cpp">
      <Filter>Content\GameObejct\Effects\CamelGun</Filter>
    </ClCompile>
    <ClCompile Include="sbCamelBullet.cpp">
      <Filter>Content\GameObejct\Effects\CamelBullet</Filter>
    </ClCompile>
    <ClCompile Include="sbBoss.cpp">
      <Filter>Content\GameObejct\Monster\Boss</Filter>
    </ClCompile>
    <ClCompile Include="sbBossWing.cpp">
      <Filter>Content\GameObejct\Effects\BossWing</Filter>
    </ClCompile>
    <ClCompile Include="sbBossFloor.cpp">
      <Filter>Content\GameObejct\Floor\BossFloor</Filter>
    </ClCompile>
  </ItemGroup>
  <ItemGroup>
    <ResourceCompile Include="METAL SLUG.rc">
      <Filter>Windows\Resource</Filter>
    </ResourceCompile>
  </ItemGroup>
</Project>